
Microsoft Visual Studio Solution File, Format Version 12.00
# Visual Studio Version 16
VisualStudioVersion = 16.0.29519.181
MinimumVisualStudioVersion = 10.0.40219.1
Project("{9A19103F-16F7-4668-BE54-9A1E7A4F7556}") = "SaleDataExample", "Challange2\SaleDataExample.csproj", "{DB3E1B05-7F8A-4AA4-907C-9C70A128BF36}"
EndProject
Global
	GlobalSection(SolutionConfigurationPlatforms) = preSolution
		Debug|Any CPU = Debug|Any CPU
		Release|Any CPU = Release|Any CPU
	EndGlobalSection
	GlobalSection(ProjectConfigurationPlatforms) = postSolution
		{DB3E1B05-7F8A-4AA4-907C-9C70A128BF36}.Debug|Any CPU.ActiveCfg = Debug|Any CPU
		{DB3E1B05-7F8A-4AA4-907C-9C70A128BF36}.Debug|Any CPU.Build.0 = Debug|Any CPU
		{DB3E1B05-7F8A-4AA4-907C-9C70A128BF36}.Release|Any CPU.ActiveCfg = Release|Any CPU
		{DB3E1B05-7F8A-4AA4-907C-9C70A128BF36}.Release|Any CPU.Build.0 = Release|Any CPU
	EndGlobalSection
	GlobalSection(SolutionProperties) = preSolution
		HideSolutionNode = FALSE
	EndGlobalSection
	GlobalSection(ExtensibilityGlobals) = postSolution
		SolutionGuid = {FA5CD511-4BE0-4043-A8C9-1A23B557AAC8}
	EndGlobalSection
EndGlobal
